// !$*UTF8*$!
{
	archiveVersion = 1;
	classes = {
	};
	objectVersion = 50;
	objects = {

/* Begin PBXBuildFile section */
		7D43DAFC23CF8A4F008F50A3 /* AppDelegate.swift in Sources */ = {isa = PBXBuildFile; fileRef = 7D43DAFB23CF8A4F008F50A3 /* AppDelegate.swift */; };
		7D43DAFE23CF8A4F008F50A3 /* SceneDelegate.swift in Sources */ = {isa = PBXBuildFile; fileRef = 7D43DAFD23CF8A4F008F50A3 /* SceneDelegate.swift */; };
		7D43DB0323CF8A4F008F50A3 /* Main.storyboard in Resources */ = {isa = PBXBuildFile; fileRef = 7D43DB0123CF8A4F008F50A3 /* Main.storyboard */; };
		7D43DB0523CF8A50008F50A3 /* Assets.xcassets in Resources */ = {isa = PBXBuildFile; fileRef = 7D43DB0423CF8A50008F50A3 /* Assets.xcassets */; };
		7D43DB0823CF8A50008F50A3 /* LaunchScreen.storyboard in Resources */ = {isa = PBXBuildFile; fileRef = 7D43DB0623CF8A50008F50A3 /* LaunchScreen.storyboard */; };
		7D43DB1023CF9077008F50A3 /* IconCollectionViewCell.swift in Sources */ = {isa = PBXBuildFile; fileRef = 7D43DB0F23CF9077008F50A3 /* IconCollectionViewCell.swift */; };
		7D43DB1223CF9279008F50A3 /* IconCollectionViewController.swift in Sources */ = {isa = PBXBuildFile; fileRef = 7D43DB1123CF9279008F50A3 /* IconCollectionViewController.swift */; };
		7D43DB1423CF9367008F50A3 /* Icon.swift in Sources */ = {isa = PBXBuildFile; fileRef = 7D43DB1323CF9367008F50A3 /* Icon.swift */; };
/* End PBXBuildFile section */

/* Begin PBXFileReference section */
		7D43DAF823CF8A4F008F50A3 /* CollectionViewDemo.app */ = {isa = PBXFileReference; explicitFileType = wrapper.application; includeInIndex = 0; path = CollectionViewDemo.app; sourceTree = BUILT_PRODUCTS_DIR; };
		7D43DAFB23CF8A4F008F50A3 /* AppDelegate.swift */ = {isa = PBXFileReference; lastKnownFileType = sourcecode.swift; path = AppDelegate.swift; sourceTree = "<group>"; };
		7D43DAFD23CF8A4F008F50A3 /* SceneDelegate.swift */ = {isa = PBXFileReference; lastKnownFileType = sourcecode.swift; path = SceneDelegate.swift; sourceTree = "<group>"; };
		7D43DB0223CF8A4F008F50A3 /* Base */ = {isa = PBXFileReference; lastKnownFileType = file.storyboard; name = Base; path = Base.lproj/Main.storyboard; sourceTree = "<group>"; };
		7D43DB0423CF8A50008F50A3 /* Assets.xcassets */ = {isa = PBXFileReference; lastKnownFileType = folder.assetcatalog; path = Assets.xcassets; sourceTree = "<group>"; };
		7D43DB0723CF8A50008F50A3 /* Base */ = {isa = PBXFileReference; lastKnownFileType = file.storyboard; name = Base; path = Base.lproj/LaunchScreen.storyboard; sourceTree = "<group>"; };
		7D43DB0923CF8A50008F50A3 /* Info.plist */ = {isa = PBXFileReference; lastKnownFileType = text.plist.xml; path = Info.plist; sourceTree = "<group>"; };
		7D43DB0F23CF9077008F50A3 /* IconCollectionViewCell.swift */ = {isa = PBXFileReference; lastKnownFileType = sourcecode.swift; path = IconCollectionViewCell.swift; sourceTree = SOURCE_ROOT; };
		7D43DB1123CF9279008F50A3 /* IconCollectionViewController.swift */ = {isa = PBXFileReference; lastKnownFileType = sourcecode.swift; path = IconCollectionViewController.swift; sourceTree = "<group>"; };
		7D43DB1323CF9367008F50A3 /* Icon.swift */ = {isa = PBXFileReference; lastKnownFileType = sourcecode.swift; path = Icon.swift; sourceTree = "<group>"; };
/* End PBXFileReference section */

/* Begin PBXFrameworksBuildPhase section */
		7D43DAF523CF8A4F008F50A3 /* Frameworks */ = {
			isa = PBXFrameworksBuildPhase;
			buildActionMask = 2147483647;
			files = (
			);
			runOnlyForDeploymentPostprocessing = 0;
		};
/* End PBXFrameworksBuildPhase section */

/* Begin PBXGroup section */
		7D43DAEF23CF8A4F008F50A3 = {
			isa = PBXGroup;
			children = (
				7D43DAFA23CF8A4F008F50A3 /* CollectionViewDemo */,
				7D43DAF923CF8A4F008F50A3 /* Products */,
			);
			sourceTree = "<group>";
		};
		7D43DAF923CF8A4F008F50A3 /* Products */ = {
			isa = PBXGroup;
			children = (
				7D43DAF823CF8A4F008F50A3 /* CollectionViewDemo.app */,
			);
			name = Products;
			sourceTree = "<group>";
		};
		7D43DAFA23CF8A4F008F50A3 /* CollectionViewDemo */ = {
			isa = PBXGroup;
			children = (
				7D43DB0F23CF9077008F50A3 /* IconCollectionViewCell.swift */,
				7D43DAFB23CF8A4F008F50A3 /* AppDelegate.swift */,
				7D43DAFD23CF8A4F008F50A3 /* SceneDelegate.swift */,
				7D43DB0123CF8A4F008F50A3 /* Main.storyboard */,
				7D43DB1123CF9279008F50A3 /* IconCollectionViewController.swift */,
				7D43DB1323CF9367008F50A3 /* Icon.swift */,
				7D43DB0423CF8A50008F50A3 /* Assets.xcassets */,
				7D43DB0623CF8A50008F50A3 /* LaunchScreen.storyboard */,
				7D43DB0923CF8A50008F50A3 /* Info.plist */,
			);
			path = CollectionViewDemo;
			sourceTree = "<group>";
		};
/* End PBXGroup section */

/* Begin PBXNativeTarget section */
		7D43DAF723CF8A4F008F50A3 /* CollectionViewDemo */ = {
			isa = PBXNativeTarget;
			buildConfigurationList = 7D43DB0C23CF8A50008F50A3 /* Build configuration list for PBXNativeTarget "CollectionViewDemo" */;
			buildPhases = (
				7D43DAF423CF8A4F008F50A3 /* Sources */,
				7D43DAF523CF8A4F008F50A3 /* Frameworks */,
				7D43DAF623CF8A4F008F50A3 /* Resources */,
			);
			buildRules = (
			);
			dependencies = (
			);
			name = CollectionViewDemo;
			productName = CollectionViewDemo;
			productReference = 7D43DAF823CF8A4F008F50A3 /* CollectionViewDemo.app */;
			productType = "com.apple.product-type.application";
		};
/* End PBXNativeTarget section */

/* Begin PBXProject section */
		7D43DAF023CF8A4F008F50A3 /* Project object */ = {
			isa = PBXProject;
			attributes = {
				LastSwiftUpdateCheck = 1130;
				LastUpgradeCheck = 1130;
				ORGANIZATIONNAME = "2020-2";
				TargetAttributes = {
					7D43DAF723CF8A4F008F50A3 = {
						CreatedOnToolsVersion = 11.3;
					};
				};
			};
			buildConfigurationList = 7D43DAF323CF8A4F008F50A3 /* Build configuration list for PBXProject "CollectionViewDemo" */;
			compatibilityVersion = "Xcode 9.3";
			developmentRegion = en;
			hasScannedForEncodings = 0;
			knownRegions = (
				en,
				Base,
			);
			mainGroup = 7D43DAEF23CF8A4F008F50A3;
			productRefGroup = 7D43DAF923CF8A4F008F50A3 /* Products */;
			projectDirPath = "";
			projectRoot = "";
			targets = (
				7D43DAF723CF8A4F008F50A3 /* CollectionViewDemo */,
			);
		};
/* End PBXProject section */

/* Begin PBXResourcesBuildPhase section */
		7D43DAF623CF8A4F008F50A3 /* Resources */ = {
			isa = PBXResourcesBuildPhase;
			buildActionMask = 2147483647;
			files = (
				7D43DB0823CF8A50008F50A3 /* LaunchScreen.storyboard in Resources */,
				7D43DB0523CF8A50008F50A3 /* Assets.xcassets in Resources */,
				7D43DB0323CF8A4F008F50A3 /* Main.storyboard in Resources */,
			);
			runOnlyForDeploymentPostprocessing = 0;
		};
/* End PBXResourcesBuildPhase section */

/* Begin PBXSourcesBuildPhase section */
		7D43DAF423CF8A4F008F50A3 /* Sources */ = {
			isa = PBXSourcesBuildPhase;
			buildActionMask = 2147483647;
			files = (
				7D43DAFC23CF8A4F008F50A3 /* AppDelegate.swift in Sources */,
				7D43DB1223CF9279008F50A3 /* IconCollectionViewController.swift in Sources */,
				7D43DAFE23CF8A4F008F50A3 /* SceneDelegate.swift in Sources */,
				7D43DB1423CF9367008F50A3 /* Icon.swift in Sources */,
				7D43DB1023CF9077008F50A3 /* IconCollectionViewCell.swift in Sources */,
			);
			runOnlyForDeploymentPostprocessing = 0;
		};
/* End PBXSourcesBuildPhase section */

/* Begin PBXVariantGroup section */
		7D43DB0123CF8A4F008F50A3 /* Main.storyboard */ = {
			isa = PBXVariantGroup;
			children = (
				7D43DB0223CF8A4F008F50A3 /* Base */,
			);
			name = Main.storyboard;
			sourceTree = "<group>";
		};
		7D43DB0623CF8A50008F50A3 /* LaunchScreen.storyboard */ = {
			isa = PBXVariantGroup;
			children = (
				7D43DB0723CF8A50008F50A3 /* Base */,
			);
			name = LaunchScreen.storyboard;
			sourceTree = "<group>";
		};
/* End PBXVariantGroup section */

/* Begin XCBuildConfiguration section */
		7D43DB0A23CF8A50008F50A3 /* Debug */ = {
			isa = XCBuildConfiguration;
			buildSettings = {
				ALWAYS_SEARCH_USER_PATHS = NO;
				CLANG_ANALYZER_NONNULL = YES;
				CLANG_ANALYZER_NUMBER_OBJECT_CONVERSION = YES_AGGRESSIVE;
				CLANG_CXX_LANGUAGE_STANDARD = "gnu++14";
				CLANG_CXX_LIBRARY = "libc++";
				CLANG_ENABLE_MODULES = YES;
				CLANG_ENABLE_OBJC_ARC = YES;
				CLANG_ENABLE_OBJC_WEAK = YES;
				CLANG_WARN_BLOCK_CAPTURE_AUTORELEASING = YES;
				CLANG_WARN_BOOL_CONVERSION = YES;
				CLANG_WARN_COMMA = YES;
				CLANG_WARN_CONSTANT_CONVERSION = YES;
				CLANG_WARN_DEPRECATED_OBJC_IMPLEMENTATIONS = YES;
				CLANG_WARN_DIRECT_OBJC_ISA_USAGE = YES_ERROR;
				CLANG_WARN_DOCUMENTATION_COMMENTS = YES;
				CLANG_WARN_EMPTY_BODY = YES;
				CLANG_WARN_ENUM_CONVERSION = YES;
				CLANG_WARN_INFINITE_RECURSION = YES;
				CLANG_WARN_INT_CONVERSION = YES;
				CLANG_WARN_NON_LITERAL_NULL_CONVERSION = YES;
				CLANG_WARN_OBJC_IMPLICIT_RETAIN_SELF = YES;
				CLANG_WARN_OBJC_LITERAL_CONVERSION = YES;
				CLANG_WARN_OBJC_ROOT_CLASS = YES_ERROR;
				CLANG_WARN_RANGE_LOOP_ANALYSIS = YES;
				CLANG_WARN_STRICT_PROTOTYPES = YES;
				CLANG_WARN_SUSPICIOUS_MOVE = YES;
				CLANG_WARN_UNGUARDED_AVAILABILITY = YES_AGGRESSIVE;
				CLANG_WARN_UNREACHABLE_CODE = YES;
				CLANG_WARN__DUPLICATE_METHOD_MATCH = YES;
				COPY_PHASE_STRIP = NO;
				DEBUG_INFORMATION_FORMAT = dwarf;
				ENABLE_STRICT_OBJC_MSGSEND = YES;
				ENABLE_TESTABILITY = YES;
				GCC_C_LANGUAGE_STANDARD = gnu11;
				GCC_DYNAMIC_NO_PIC = NO;
				GCC_NO_COMMON_BLOCKS = YES;
				GCC_OPTIMIZATION_LEVEL = 0;
				GCC_PREPROCESSOR_DEFINITIONS = (
					"DEBUG=1",
					"$(inherited)",
				);
				GCC_WARN_64_TO_32_BIT_CONVERSION = YES;
				GCC_WARN_ABOUT_RETURN_TYPE = YES_ERROR;
				GCC_WARN_UNDECLARED_SELECTOR = YES;
				GCC_WARN_UNINITIALIZED_AUTOS = YES_AGGRESSIVE;
				GCC_WARN_UNUSED_FUNCTION = YES;
				GCC_WARN_UNUSED_VARIABLE = YES;
				IPHONEOS_DEPLOYMENT_TARGET = 13.2;
				MTL_ENABLE_DEBUG_INFO = INCLUDE_SOURCE;
				MTL_FAST_MATH = YES;
				ONLY_ACTIVE_ARCH = YES;
				SDKROOT = iphoneos;
				SWIFT_ACTIVE_COMPILATION_CONDITIONS = DEBUG;
				SWIFT_OPTIMIZATION_LEVEL = "-Onone";
			};
			name = Debug;
		};
		7D43DB0B23CF8A50008F50A3 /* Release */ = {
			isa = XCBuildConfiguration;
			buildSettings = {
				ALWAYS_SEARCH_USER_PATHS = NO;
				CLANG_ANALYZER_NONNULL = YES;
				CLANG_ANALYZER_NUMBER_OBJECT_CONVERSION = YES_AGGRESSIVE;
				CLANG_CXX_LANGUAGE_STANDARD = "gnu++14";
				CLANG_CXX_LIBRARY = "libc++";
				CLANG_ENABLE_MODULES = YES;
				CLANG_ENABLE_OBJC_ARC = YES;
				CLANG_ENABLE_OBJC_WEAK = YES;
				CLANG_WARN_BLOCK_CAPTURE_AUTORELEASING = YES;
				CLANG_WARN_BOOL_CONVERSION = YES;
				CLANG_WARN_COMMA = YES;
				CLANG_WARN_CONSTANT_CONVERSION = YES;
				CLANG_WARN_DEPRECATED_OBJC_IMPLEMENTATIONS = YES;
				CLANG_WARN_DIRECT_OBJC_ISA_USAGE = YES_ERROR;
				CLANG_WARN_DOCUMENTATION_COMMENTS = YES;
				CLANG_WARN_EMPTY_BODY = YES;
				CLANG_WARN_ENUM_CONVERSION = YES;
				CLANG_WARN_INFINITE_RECURSION = YES;
				CLANG_WARN_INT_CONVERSION = YES;
				CLANG_WARN_NON_LITERAL_NULL_CONVERSION = YES;
				CLANG_WARN_OBJC_IMPLICIT_RETAIN_SELF = YES;
				CLANG_WARN_OBJC_LITERAL_CONVERSION = YES;
				CLANG_WARN_OBJC_ROOT_CLASS = YES_ERROR;
				CLANG_WARN_RANGE_LOOP_ANALYSIS = YES;
				CLANG_WARN_STRICT_PROTOTYPES = YES;
				CLANG_WARN_SUSPICIOUS_MOVE = YES;
				CLANG_WARN_UNGUARDED_AVAILABILITY = YES_AGGRESSIVE;
				CLANG_WARN_UNREACHABLE_CODE = YES;
				CLANG_WARN__DUPLICATE_METHOD_MATCH = YES;
				COPY_PHASE_STRIP = NO;
				DEBUG_INFORMATION_FORMAT = "dwarf-with-dsym";
				ENABLE_NS_ASSERTIONS = NO;
				ENABLE_STRICT_OBJC_MSGSEND = YES;
				GCC_C_LANGUAGE_STANDARD = gnu11;
				GCC_NO_COMMON_BLOCKS = YES;
				GCC_WARN_64_TO_32_BIT_CONVERSION = YES;
				GCC_WARN_ABOUT_RETURN_TYPE = YES_ERROR;
				GCC_WARN_UNDECLARED_SELECTOR = YES;
				GCC_WARN_UNINITIALIZED_AUTOS = YES_AGGRESSIVE;
				GCC_WARN_UNUSED_FUNCTION = YES;
				GCC_WARN_UNUSED_VARIABLE = YES;
				IPHONEOS_DEPLOYMENT_TARGET = 13.2;
				MTL_ENABLE_DEBUG_INFO = NO;
				MTL_FAST_MATH = YES;
				SDKROOT = iphoneos;
				SWIFT_COMPILATION_MODE = wholemodule;
				SWIFT_OPTIMIZATION_LEVEL = "-O";
				VALIDATE_PRODUCT = YES;
			};
			name = Release;
		};
		7D43DB0D23CF8A50008F50A3 /* Debug */ = {
			isa = XCBuildConfiguration;
			buildSettings = {
				ASSETCATALOG_COMPILER_APPICON_NAME = AppIcon;
				CODE_SIGN_STYLE = Automatic;
				INFOPLIST_FILE = CollectionViewDemo/Info.plist;
				LD_RUNPATH_SEARCH_PATHS = (
					"$(inherited)",
					"@executable_path/Frameworks",
				);
				PRODUCT_BUNDLE_IDENTIFIER = MonCab.CollectionViewDemo;
				PRODUCT_NAME = "$(TARGET_NAME)";
				SWIFT_VERSION = 5.0;
				TARGETED_DEVICE_FAMILY = "1,2";
			};
			name = Debug;
		};
		7D43DB0E23CF8A50008F50A3 /* Release */ = {
			isa = XCBuildConfiguration;
			buildSettings = {
				ASSETCATALOG_COMPILER_APPICON_NAME = AppIcon;
				CODE_SIGN_STYLE = Automatic;
				INFOPLIST_FILE = CollectionViewDemo/Info.plist;
				LD_RUNPATH_SEARCH_PATHS = (
					"$(inherited)",
					"@executable_path/Frameworks",
				);
				PRODUCT_BUNDLE_IDENTIFIER = MonCab.CollectionViewDemo;
				PRODUCT_NAME = "$(TARGET_NAME)";
				SWIFT_VERSION = 5.0;
				TARGETED_DEVICE_FAMILY = "1,2";
			};
			name = Release;
		};
/* End XCBuildConfiguration section */

/* Begin XCConfigurationList section */
		7D43DAF323CF8A4F008F50A3 /* Build configuration list for PBXProject "CollectionViewDemo" */ = {
			isa = XCConfigurationList;
			buildConfigurations = (
				7D43DB0A23CF8A50008F50A3 /* Debug */,
				7D43DB0B23CF8A50008F50A3 /* Release */,
			);
			defaultConfigurationIsVisible = 0;
			defaultConfigurationName = Release;
		};
		7D43DB0C23CF8A50008F50A3 /* Build configuration list for PBXNativeTarget "CollectionViewDemo" */ = {
			isa = XCConfigurationList;
			buildConfigurations = (
				7D43DB0D23CF8A50008F50A3 /* Debug */,
				7D43DB0E23CF8A50008F50A3 /* Release */,
			);
			defaultConfigurationIsVisible = 0;
			defaultConfigurationName = Release;
		};
/* End XCConfigurationList section */
	};
	rootObject = 7D43DAF023CF8A4F008F50A3 /* Project object */;
}
